
Microsoft Visual Studio Solution File, Format Version 12.00
# Visual Studio Version 16
VisualStudioVersion = 16.0.30225.117
MinimumVisualStudioVersion = 10.0.40219.1
Project("{FAE04EC0-301F-11D3-BF4B-00C04F79EFBC}") = "PlayGalore_model", "PlayGalore_model\PlayGalore_model.csproj", "{3039AD42-C0BF-4669-9F62-6901648E0083}"
EndProject
Project("{FAE04EC0-301F-11D3-BF4B-00C04F79EFBC}") = "PlayGalore_controller", "PlayGalore_controller\PlayGalore_controller.csproj", "{A3B38889-0690-4D13-97E0-57451DBCADD3}"
EndProject
Project("{FAE04EC0-301F-11D3-BF4B-00C04F79EFBC}") = "PlayGalore_WPF_view", "PlayGalore_WPF_view\PlayGalore_WPF_view.csproj", "{58AAD2B7-D8C5-4EE9-853A-80F87D19E419}"
EndProject
Global
	GlobalSection(SolutionConfigurationPlatforms) = preSolution
		Debug|Any CPU = Debug|Any CPU
		Release|Any CPU = Release|Any CPU
	EndGlobalSection
	GlobalSection(ProjectConfigurationPlatforms) = postSolution
		{3039AD42-C0BF-4669-9F62-6901648E0083}.Debug|Any CPU.ActiveCfg = Debug|Any CPU
		{3039AD42-C0BF-4669-9F62-6901648E0083}.Debug|Any CPU.Build.0 = Debug|Any CPU
		{3039AD42-C0BF-4669-9F62-6901648E0083}.Release|Any CPU.ActiveCfg = Release|Any CPU
		{3039AD42-C0BF-4669-9F62-6901648E0083}.Release|Any CPU.Build.0 = Release|Any CPU
		{A3B38889-0690-4D13-97E0-57451DBCADD3}.Debug|Any CPU.ActiveCfg = Debug|Any CPU
		{A3B38889-0690-4D13-97E0-57451DBCADD3}.Debug|Any CPU.Build.0 = Debug|Any CPU
		{A3B38889-0690-4D13-97E0-57451DBCADD3}.Release|Any CPU.ActiveCfg = Release|Any CPU
		{A3B38889-0690-4D13-97E0-57451DBCADD3}.Release|Any CPU.Build.0 = Release|Any CPU
		{58AAD2B7-D8C5-4EE9-853A-80F87D19E419}.Debug|Any CPU.ActiveCfg = Debug|Any CPU
		{58AAD2B7-D8C5-4EE9-853A-80F87D19E419}.Debug|Any CPU.Build.0 = Debug|Any CPU
		{58AAD2B7-D8C5-4EE9-853A-80F87D19E419}.Release|Any CPU.ActiveCfg = Release|Any CPU
		{58AAD2B7-D8C5-4EE9-853A-80F87D19E419}.Release|Any CPU.Build.0 = Release|Any CPU
	EndGlobalSection
	GlobalSection(SolutionProperties) = preSolution
		HideSolutionNode = FALSE
	EndGlobalSection
	GlobalSection(ExtensibilityGlobals) = postSolution
		SolutionGuid = {018A041A-BC84-4573-BF8D-F6B821D52572}
	EndGlobalSection
EndGlobal
